
Microsoft Visual Studio Solution File, Format Version 12.00
# Visual Studio Version 16
VisualStudioVersion = 16.0.31729.503
MinimumVisualStudioVersion = 10.0.40219.1
Project("{FAE04EC0-301F-11D3-BF4B-00C04F79EFBC}") = "Registration", "Registration\Registration.csproj", "{4B2D6C81-EBEB-4D9C-B18A-F4EA4F6B12D5}"
EndProject
Global
	GlobalSection(SolutionConfigurationPlatforms) = preSolution
		Debug|Any CPU = Debug|Any CPU
		Release|Any CPU = Release|Any CPU
	EndGlobalSection
	GlobalSection(ProjectConfigurationPlatforms) = postSolution
		{4B2D6C81-EBEB-4D9C-B18A-F4EA4F6B12D5}.Debug|Any CPU.ActiveCfg = Debug|Any CPU
		{4B2D6C81-EBEB-4D9C-B18A-F4EA4F6B12D5}.Debug|Any CPU.Build.0 = Debug|Any CPU
		{4B2D6C81-EBEB-4D9C-B18A-F4EA4F6B12D5}.Release|Any CPU.ActiveCfg = Release|Any CPU
		{4B2D6C81-EBEB-4D9C-B18A-F4EA4F6B12D5}.Release|Any CPU.Build.0 = Release|Any CPU
	EndGlobalSection
	GlobalSection(SolutionProperties) = preSolution
		HideSolutionNode = FALSE
	EndGlobalSection
	GlobalSection(ExtensibilityGlobals) = postSolution
		SolutionGuid = {F614A4C7-45AB-4648-A052-0570E0EFE0B2}
	EndGlobalSection
EndGlobal
